
Microsoft Visual Studio Solution File, Format Version 12.00
# Visual Studio Version 16
VisualStudioVersion = 16.0.29519.87
MinimumVisualStudioVersion = 10.0.40219.1
Project("{FAE04EC0-301F-11D3-BF4B-00C04F79EFBC}") = "McGreen_prueba1", "McGreen_prueba1.csproj", "{16E68E1E-9BD0-4CD4-8202-D8CE39C86852}"
EndProject
Global
	GlobalSection(SolutionConfigurationPlatforms) = preSolution
		Debug|Any CPU = Debug|Any CPU
		Release|Any CPU = Release|Any CPU
	EndGlobalSection
	GlobalSection(ProjectConfigurationPlatforms) = postSolution
		{16E68E1E-9BD0-4CD4-8202-D8CE39C86852}.Debug|Any CPU.ActiveCfg = Debug|Any CPU
		{16E68E1E-9BD0-4CD4-8202-D8CE39C86852}.Debug|Any CPU.Build.0 = Debug|Any CPU
		{16E68E1E-9BD0-4CD4-8202-D8CE39C86852}.Release|Any CPU.ActiveCfg = Release|Any CPU
		{16E68E1E-9BD0-4CD4-8202-D8CE39C86852}.Release|Any CPU.Build.0 = Release|Any CPU
	EndGlobalSection
	GlobalSection(SolutionProperties) = preSolution
		HideSolutionNode = FALSE
	EndGlobalSection
	GlobalSection(ExtensibilityGlobals) = postSolution
		SolutionGuid = {A1CE685F-C43B-464A-A4A2-A51DAFC38531}
	EndGlobalSection
EndGlobal
